
Microsoft Visual Studio Solution File, Format Version 12.00
# Visual Studio Version 16
VisualStudioVersion = 16.0.810.22
MinimumVisualStudioVersion = 10.0.40219.1
Project("{FAE04EC0-301F-11D3-BF4B-00C04F79EFBC}") = "ProductCatalog.Infrastructure", "ProductCatalog.Infrastructure\ProductCatalog.Infrastructure.csproj", "{F4B173B8-DC3A-4018-A3CD-EF9E685B6EA0}"
EndProject
Project("{FAE04EC0-301F-11D3-BF4B-00C04F79EFBC}") = "ProductCatalog.Domain", "ProductCatalog.Domain\ProductCatalog.Domain.csproj", "{88CE3BBB-5BD0-419F-A5BE-C7A228BF3507}"
EndProject
Project("{2150E333-8FDC-42A3-9474-1A3956D46DE8}") = "Tests", "Tests", "{11369F35-63A6-430F-917E-1F68BBEAD3D2}"
EndProject
Project("{FAE04EC0-301F-11D3-BF4B-00C04F79EFBC}") = "ProductCatalog.Domain.Tests", "tests\ProductCatalog.Domain.Tests\ProductCatalog.Domain.Tests.csproj", "{AD245E41-5CFB-405B-9CE0-358888E7AE67}"
EndProject
Project("{FAE04EC0-301F-11D3-BF4B-00C04F79EFBC}") = "ProductCatalog.Integration.Tests", "tests\ProductCatalog.Integration.Tests\ProductCatalog.Integration.Tests.csproj", "{B5883C57-2582-45DE-A057-C6D562A6DAB1}"
EndProject
Project("{FAE04EC0-301F-11D3-BF4B-00C04F79EFBC}") = "ProductCatalog.Api", "ProductCatalog.Api\ProductCatalog.Api.csproj", "{2F602AC0-B6E6-4439-85A3-B25021E8A20D}"
EndProject
Global
	GlobalSection(SolutionConfigurationPlatforms) = preSolution
		Debug|Any CPU = Debug|Any CPU
		Release|Any CPU = Release|Any CPU
	EndGlobalSection
	GlobalSection(ProjectConfigurationPlatforms) = postSolution
		{F4B173B8-DC3A-4018-A3CD-EF9E685B6EA0}.Debug|Any CPU.ActiveCfg = Debug|Any CPU
		{F4B173B8-DC3A-4018-A3CD-EF9E685B6EA0}.Debug|Any CPU.Build.0 = Debug|Any CPU
		{F4B173B8-DC3A-4018-A3CD-EF9E685B6EA0}.Release|Any CPU.ActiveCfg = Release|Any CPU
		{F4B173B8-DC3A-4018-A3CD-EF9E685B6EA0}.Release|Any CPU.Build.0 = Release|Any CPU
		{88CE3BBB-5BD0-419F-A5BE-C7A228BF3507}.Debug|Any CPU.ActiveCfg = Debug|Any CPU
		{88CE3BBB-5BD0-419F-A5BE-C7A228BF3507}.Debug|Any CPU.Build.0 = Debug|Any CPU
		{88CE3BBB-5BD0-419F-A5BE-C7A228BF3507}.Release|Any CPU.ActiveCfg = Release|Any CPU
		{88CE3BBB-5BD0-419F-A5BE-C7A228BF3507}.Release|Any CPU.Build.0 = Release|Any CPU
		{AD245E41-5CFB-405B-9CE0-358888E7AE67}.Debug|Any CPU.ActiveCfg = Debug|Any CPU
		{AD245E41-5CFB-405B-9CE0-358888E7AE67}.Debug|Any CPU.Build.0 = Debug|Any CPU
		{AD245E41-5CFB-405B-9CE0-358888E7AE67}.Release|Any CPU.ActiveCfg = Release|Any CPU
		{AD245E41-5CFB-405B-9CE0-358888E7AE67}.Release|Any CPU.Build.0 = Release|Any CPU
		{B5883C57-2582-45DE-A057-C6D562A6DAB1}.Debug|Any CPU.ActiveCfg = Debug|Any CPU
		{B5883C57-2582-45DE-A057-C6D562A6DAB1}.Debug|Any CPU.Build.0 = Debug|Any CPU
		{B5883C57-2582-45DE-A057-C6D562A6DAB1}.Release|Any CPU.ActiveCfg = Release|Any CPU
		{B5883C57-2582-45DE-A057-C6D562A6DAB1}.Release|Any CPU.Build.0 = Release|Any CPU
		{2F602AC0-B6E6-4439-85A3-B25021E8A20D}.Debug|Any CPU.ActiveCfg = Debug|Any CPU
		{2F602AC0-B6E6-4439-85A3-B25021E8A20D}.Debug|Any CPU.Build.0 = Debug|Any CPU
		{2F602AC0-B6E6-4439-85A3-B25021E8A20D}.Release|Any CPU.ActiveCfg = Release|Any CPU
		{2F602AC0-B6E6-4439-85A3-B25021E8A20D}.Release|Any CPU.Build.0 = Release|Any CPU
	EndGlobalSection
	GlobalSection(SolutionProperties) = preSolution
		HideSolutionNode = FALSE
	EndGlobalSection
	GlobalSection(ExtensibilityGlobals) = postSolution
		SolutionGuid = {91149D57-D5A3-4579-9859-CDB55FC2F967}
	EndGlobalSection
	GlobalSection(NestedProjects) = preSolution
		{AD245E41-5CFB-405B-9CE0-358888E7AE67} = {11369F35-63A6-430F-917E-1F68BBEAD3D2}
		{B5883C57-2582-45DE-A057-C6D562A6DAB1} = {11369F35-63A6-430F-917E-1F68BBEAD3D2}
	EndGlobalSection
EndGlobal
